
Microsoft Visual Studio Solution File, Format Version 12.00
# Visual Studio Version 17
VisualStudioVersion = 17.5.33516.290
MinimumVisualStudioVersion = 10.0.40219.1
Project("{FAE04EC0-301F-11D3-BF4B-00C04F79EFBC}") = "Exo_23032023", "Exo_23032023\Exo_23032023.csproj", "{D82CF117-7631-43D7-8016-A12E5F76474C}"
EndProject
Global
	GlobalSection(SolutionConfigurationPlatforms) = preSolution
		Debug|Any CPU = Debug|Any CPU
		Release|Any CPU = Release|Any CPU
	EndGlobalSection
	GlobalSection(ProjectConfigurationPlatforms) = postSolution
		{D82CF117-7631-43D7-8016-A12E5F76474C}.Debug|Any CPU.ActiveCfg = Debug|Any CPU
		{D82CF117-7631-43D7-8016-A12E5F76474C}.Debug|Any CPU.Build.0 = Debug|Any CPU
		{D82CF117-7631-43D7-8016-A12E5F76474C}.Release|Any CPU.ActiveCfg = Release|Any CPU
		{D82CF117-7631-43D7-8016-A12E5F76474C}.Release|Any CPU.Build.0 = Release|Any CPU
	EndGlobalSection
	GlobalSection(SolutionProperties) = preSolution
		HideSolutionNode = FALSE
	EndGlobalSection
	GlobalSection(ExtensibilityGlobals) = postSolution
		SolutionGuid = {3E8B6E46-21F1-4F21-BBD1-3D383500D845}
	EndGlobalSection
EndGlobal
